// !$*UTF8*$!
{
	archiveVersion = 1;
	classes = {
	};
	objectVersion = 55;
	objects = {

/* Begin PBXBuildFile section */
		47470ABA0220BCCD970F0489 /* Pods_InnAPIApp.framework in Frameworks */ = {isa = PBXBuildFile; fileRef = F8F6801592754F4826059EAB /* Pods_InnAPIApp.framework */; };
		64D6575D2748DC6900F8A30D /* AppDelegate.swift in Sources */ = {isa = PBXBuildFile; fileRef = 64D6575C2748DC6900F8A30D /* AppDelegate.swift */; };
		64D6575F2748DC6900F8A30D /* SceneDelegate.swift in Sources */ = {isa = PBXBuildFile; fileRef = 64D6575E2748DC6900F8A30D /* SceneDelegate.swift */; };
		64D657612748DC6900F8A30D /* ViewController.swift in Sources */ = {isa = PBXBuildFile; fileRef = 64D657602748DC6900F8A30D /* ViewController.swift */; };
		64D657642748DC6900F8A30D /* Main.storyboard in Resources */ = {isa = PBXBuildFile; fileRef = 64D657622748DC6900F8A30D /* Main.storyboard */; };
		64D657662748DC6A00F8A30D /* Assets.xcassets in Resources */ = {isa = PBXBuildFile; fileRef = 64D657652748DC6A00F8A30D /* Assets.xcassets */; };
		64D657692748DC6A00F8A30D /* LaunchScreen.storyboard in Resources */ = {isa = PBXBuildFile; fileRef = 64D657672748DC6A00F8A30D /* LaunchScreen.storyboard */; };
		64F52C192748E40800CC4EE0 /* LoginViewController.swift in Sources */ = {isa = PBXBuildFile; fileRef = 64F52C182748E40800CC4EE0 /* LoginViewController.swift */; };
		64F52C1B2748E41700CC4EE0 /* SampleViewController.swift in Sources */ = {isa = PBXBuildFile; fileRef = 64F52C1A2748E41700CC4EE0 /* SampleViewController.swift */; };
		64F52C1E2748E97D00CC4EE0 /* Article.swift in Sources */ = {isa = PBXBuildFile; fileRef = 64F52C1D2748E97D00CC4EE0 /* Article.swift */; };
		64F52C222749D04600CC4EE0 /* Alert.swift in Sources */ = {isa = PBXBuildFile; fileRef = 64F52C212749D04600CC4EE0 /* Alert.swift */; };
		64F52C28274A125B00CC4EE0 /* ShowViewController.swift in Sources */ = {isa = PBXBuildFile; fileRef = 64F52C27274A125B00CC4EE0 /* ShowViewController.swift */; };
/* End PBXBuildFile section */

/* Begin PBXFileReference section */
		58EEA9F560CE66D579A25E8F /* Pods-InnAPIApp.debug.xcconfig */ = {isa = PBXFileReference; includeInIndex = 1; lastKnownFileType = text.xcconfig; name = "Pods-InnAPIApp.debug.xcconfig"; path = "Target Support Files/Pods-InnAPIApp/Pods-InnAPIApp.debug.xcconfig"; sourceTree = "<group>"; };
		64D657592748DC6900F8A30D /* InnAPIApp.app */ = {isa = PBXFileReference; explicitFileType = wrapper.application; includeInIndex = 0; path = InnAPIApp.app; sourceTree = BUILT_PRODUCTS_DIR; };
		64D6575C2748DC6900F8A30D /* AppDelegate.swift */ = {isa = PBXFileReference; lastKnownFileType = sourcecode.swift; path = AppDelegate.swift; sourceTree = "<group>"; };
		64D6575E2748DC6900F8A30D /* SceneDelegate.swift */ = {isa = PBXFileReference; lastKnownFileType = sourcecode.swift; path = SceneDelegate.swift; sourceTree = "<group>"; };
		64D657602748DC6900F8A30D /* ViewController.swift */ = {isa = PBXFileReference; lastKnownFileType = sourcecode.swift; path = ViewController.swift; sourceTree = "<group>"; };
		64D657632748DC6900F8A30D /* Base */ = {isa = PBXFileReference; lastKnownFileType = file.storyboard; name = Base; path = Base.lproj/Main.storyboard; sourceTree = "<group>"; };
		64D657652748DC6A00F8A30D /* Assets.xcassets */ = {isa = PBXFileReference; lastKnownFileType = folder.assetcatalog; path = Assets.xcassets; sourceTree = "<group>"; };
		64D657682748DC6A00F8A30D /* Base */ = {isa = PBXFileReference; lastKnownFileType = file.storyboard; name = Base; path = Base.lproj/LaunchScreen.storyboard; sourceTree = "<group>"; };
		64D6576A2748DC6A00F8A30D /* Info.plist */ = {isa = PBXFileReference; lastKnownFileType = text.plist.xml; path = Info.plist; sourceTree = "<group>"; };
		64F52C182748E40800CC4EE0 /* LoginViewController.swift */ = {isa = PBXFileReference; lastKnownFileType = sourcecode.swift; path = LoginViewController.swift; sourceTree = "<group>"; };
		64F52C1A2748E41700CC4EE0 /* SampleViewController.swift */ = {isa = PBXFileReference; lastKnownFileType = sourcecode.swift; path = SampleViewController.swift; sourceTree = "<group>"; };
		64F52C1D2748E97D00CC4EE0 /* Article.swift */ = {isa = PBXFileReference; lastKnownFileType = sourcecode.swift; path = Article.swift; sourceTree = "<group>"; };
		64F52C212749D04600CC4EE0 /* Alert.swift */ = {isa = PBXFileReference; lastKnownFileType = sourcecode.swift; path = Alert.swift; sourceTree = "<group>"; };
		64F52C27274A125B00CC4EE0 /* ShowViewController.swift */ = {isa = PBXFileReference; lastKnownFileType = sourcecode.swift; path = ShowViewController.swift; sourceTree = "<group>"; };
		C45540D5BD2AC9010DB451E7 /* Pods-InnAPIApp.release.xcconfig */ = {isa = PBXFileReference; includeInIndex = 1; lastKnownFileType = text.xcconfig; name = "Pods-InnAPIApp.release.xcconfig"; path = "Target Support Files/Pods-InnAPIApp/Pods-InnAPIApp.release.xcconfig"; sourceTree = "<group>"; };
		F8F6801592754F4826059EAB /* Pods_InnAPIApp.framework */ = {isa = PBXFileReference; explicitFileType = wrapper.framework; includeInIndex = 0; path = Pods_InnAPIApp.framework; sourceTree = BUILT_PRODUCTS_DIR; };
/* End PBXFileReference section */

/* Begin PBXFrameworksBuildPhase section */
		64D657562748DC6900F8A30D /* Frameworks */ = {
			isa = PBXFrameworksBuildPhase;
			buildActionMask = 2147483647;
			files = (
				47470ABA0220BCCD970F0489 /* Pods_InnAPIApp.framework in Frameworks */,
			);
			runOnlyForDeploymentPostprocessing = 0;
		};
/* End PBXFrameworksBuildPhase section */

/* Begin PBXGroup section */
		64D657502748DC6900F8A30D = {
			isa = PBXGroup;
			children = (
				64D6575B2748DC6900F8A30D /* InnAPIApp */,
				64D6575A2748DC6900F8A30D /* Products */,
				DEFB351819B9022B4CA51319 /* Pods */,
				7F73FAC8DC1FC1C5CA2B1A0E /* Frameworks */,
			);
			sourceTree = "<group>";
		};
		64D6575A2748DC6900F8A30D /* Products */ = {
			isa = PBXGroup;
			children = (
				64D657592748DC6900F8A30D /* InnAPIApp.app */,
			);
			name = Products;
			sourceTree = "<group>";
		};
		64D6575B2748DC6900F8A30D /* InnAPIApp */ = {
			isa = PBXGroup;
			children = (
				64F52C1C2748E96C00CC4EE0 /* models */,
				64D6575C2748DC6900F8A30D /* AppDelegate.swift */,
				64D6575E2748DC6900F8A30D /* SceneDelegate.swift */,
				64D657602748DC6900F8A30D /* ViewController.swift */,
				64D657622748DC6900F8A30D /* Main.storyboard */,
				64F52C27274A125B00CC4EE0 /* ShowViewController.swift */,
				64F52C1A2748E41700CC4EE0 /* SampleViewController.swift */,
				64F52C182748E40800CC4EE0 /* LoginViewController.swift */,
				64F52C212749D04600CC4EE0 /* Alert.swift */,
				64D657652748DC6A00F8A30D /* Assets.xcassets */,
				64D657672748DC6A00F8A30D /* LaunchScreen.storyboard */,
				64D6576A2748DC6A00F8A30D /* Info.plist */,
			);
			path = InnAPIApp;
			sourceTree = "<group>";
		};
		64F52C1C2748E96C00CC4EE0 /* models */ = {
			isa = PBXGroup;
			children = (
				64F52C1D2748E97D00CC4EE0 /* Article.swift */,
			);
			path = models;
			sourceTree = "<group>";
		};
		7F73FAC8DC1FC1C5CA2B1A0E /* Frameworks */ = {
			isa = PBXGroup;
			children = (
				F8F6801592754F4826059EAB /* Pods_InnAPIApp.framework */,
			);
			name = Frameworks;
			sourceTree = "<group>";
		};
		DEFB351819B9022B4CA51319 /* Pods */ = {
			isa = PBXGroup;
			children = (
				58EEA9F560CE66D579A25E8F /* Pods-InnAPIApp.debug.xcconfig */,
				C45540D5BD2AC9010DB451E7 /* Pods-InnAPIApp.release.xcconfig */,
			);
			path = Pods;
			sourceTree = "<group>";
		};
/* End PBXGroup section */

/* Begin PBXNativeTarget section */
		64D657582748DC6900F8A30D /* InnAPIApp */ = {
			isa = PBXNativeTarget;
			buildConfigurationList = 64D6576D2748DC6A00F8A30D /* Build configuration list for PBXNativeTarget "InnAPIApp" */;
			buildPhases = (
				3B4981ED711480A266ABE4F0 /* [CP] Check Pods Manifest.lock */,
				64D657552748DC6900F8A30D /* Sources */,
				64D657562748DC6900F8A30D /* Frameworks */,
				64D657572748DC6900F8A30D /* Resources */,
				554488C9078BB430D23C3BA1 /* [CP] Embed Pods Frameworks */,
			);
			buildRules = (
			);
			dependencies = (
			);
			name = InnAPIApp;
			productName = InnAPIApp;
			productReference = 64D657592748DC6900F8A30D /* InnAPIApp.app */;
			productType = "com.apple.product-type.application";
		};
/* End PBXNativeTarget section */

/* Begin PBXProject section */
		64D657512748DC6900F8A30D /* Project object */ = {
			isa = PBXProject;
			attributes = {
				BuildIndependentTargetsInParallel = 1;
				LastSwiftUpdateCheck = 1300;
				LastUpgradeCheck = 1300;
				TargetAttributes = {
					64D657582748DC6900F8A30D = {
						CreatedOnToolsVersion = 13.0;
					};
				};
			};
			buildConfigurationList = 64D657542748DC6900F8A30D /* Build configuration list for PBXProject "InnAPIApp" */;
			compatibilityVersion = "Xcode 13.0";
			developmentRegion = en;
			hasScannedForEncodings = 0;
			knownRegions = (
				en,
				Base,
			);
			mainGroup = 64D657502748DC6900F8A30D;
			productRefGroup = 64D6575A2748DC6900F8A30D /* Products */;
			projectDirPath = "";
			projectRoot = "";
			targets = (
				64D657582748DC6900F8A30D /* InnAPIApp */,
			);
		};
/* End PBXProject section */

/* Begin PBXResourcesBuildPhase section */
		64D657572748DC6900F8A30D /* Resources */ = {
			isa = PBXResourcesBuildPhase;
			buildActionMask = 2147483647;
			files = (
				64D657692748DC6A00F8A30D /* LaunchScreen.storyboard in Resources */,
				64D657662748DC6A00F8A30D /* Assets.xcassets in Resources */,
				64D657642748DC6900F8A30D /* Main.storyboard in Resources */,
			);
			runOnlyForDeploymentPostprocessing = 0;
		};
/* End PBXResourcesBuildPhase section */

/* Begin PBXShellScriptBuildPhase section */
		3B4981ED711480A266ABE4F0 /* [CP] Check Pods Manifest.lock */ = {
			isa = PBXShellScriptBuildPhase;
			buildActionMask = 2147483647;
			files = (
			);
			inputFileListPaths = (
			);
			inputPaths = (
				"${PODS_PODFILE_DIR_PATH}/Podfile.lock",
				"${PODS_ROOT}/Manifest.lock",
			);
			name = "[CP] Check Pods Manifest.lock";
			outputFileListPaths = (
			);
			outputPaths = (
				"$(DERIVED_FILE_DIR)/Pods-InnAPIApp-checkManifestLockResult.txt",
			);
			runOnlyForDeploymentPostprocessing = 0;
			shellPath = /bin/sh;
			shellScript = "diff \"${PODS_PODFILE_DIR_PATH}/Podfile.lock\" \"${PODS_ROOT}/Manifest.lock\" > /dev/null\nif [ $? != 0 ] ; then\n    # print error to STDERR\n    echo \"error: The sandbox is not in sync with the Podfile.lock. Run 'pod install' or update your CocoaPods installation.\" >&2\n    exit 1\nfi\n# This output is used by Xcode 'outputs' to avoid re-running this script phase.\necho \"SUCCESS\" > \"${SCRIPT_OUTPUT_FILE_0}\"\n";
			showEnvVarsInLog = 0;
		};
		554488C9078BB430D23C3BA1 /* [CP] Embed Pods Frameworks */ = {
			isa = PBXShellScriptBuildPhase;
			buildActionMask = 2147483647;
			files = (
			);
			inputFileListPaths = (
				"${PODS_ROOT}/Target Support Files/Pods-InnAPIApp/Pods-InnAPIApp-frameworks-${CONFIGURATION}-input-files.xcfilelist",
			);
			name = "[CP] Embed Pods Frameworks";
			outputFileListPaths = (
				"${PODS_ROOT}/Target Support Files/Pods-InnAPIApp/Pods-InnAPIApp-frameworks-${CONFIGURATION}-output-files.xcfilelist",
			);
			runOnlyForDeploymentPostprocessing = 0;
			shellPath = /bin/sh;
			shellScript = "\"${PODS_ROOT}/Target Support Files/Pods-InnAPIApp/Pods-InnAPIApp-frameworks.sh\"\n";
			showEnvVarsInLog = 0;
		};
/* End PBXShellScriptBuildPhase section */

/* Begin PBXSourcesBuildPhase section */
		64D657552748DC6900F8A30D /* Sources */ = {
			isa = PBXSourcesBuildPhase;
			buildActionMask = 2147483647;
			files = (
				64F52C1B2748E41700CC4EE0 /* SampleViewController.swift in Sources */,
				64F52C192748E40800CC4EE0 /* LoginViewController.swift in Sources */,
				64F52C1E2748E97D00CC4EE0 /* Article.swift in Sources */,
				64F52C28274A125B00CC4EE0 /* ShowViewController.swift in Sources */,
				64D657612748DC6900F8A30D /* ViewController.swift in Sources */,
				64D6575D2748DC6900F8A30D /* AppDelegate.swift in Sources */,
				64D6575F2748DC6900F8A30D /* SceneDelegate.swift in Sources */,
				64F52C222749D04600CC4EE0 /* Alert.swift in Sources */,
			);
			runOnlyForDeploymentPostprocessing = 0;
		};
/* End PBXSourcesBuildPhase section */

/* Begin PBXVariantGroup section */
		64D657622748DC6900F8A30D /* Main.storyboard */ = {
			isa = PBXVariantGroup;
			children = (
				64D657632748DC6900F8A30D /* Base */,
			);
			name = Main.storyboard;
			sourceTree = "<group>";
		};
		64D657672748DC6A00F8A30D /* LaunchScreen.storyboard */ = {
			isa = PBXVariantGroup;
			children = (
				64D657682748DC6A00F8A30D /* Base */,
			);
			name = LaunchScreen.storyboard;
			sourceTree = "<group>";
		};
/* End PBXVariantGroup section */

/* Begin XCBuildConfiguration section */
		64D6576B2748DC6A00F8A30D /* Debug */ = {
			isa = XCBuildConfiguration;
			buildSettings = {
				ALWAYS_SEARCH_USER_PATHS = NO;
				CLANG_ANALYZER_NONNULL = YES;
				CLANG_ANALYZER_NUMBER_OBJECT_CONVERSION = YES_AGGRESSIVE;
				CLANG_CXX_LANGUAGE_STANDARD = "gnu++17";
				CLANG_CXX_LIBRARY = "libc++";
				CLANG_ENABLE_MODULES = YES;
				CLANG_ENABLE_OBJC_ARC = YES;
				CLANG_ENABLE_OBJC_WEAK = YES;
				CLANG_WARN_BLOCK_CAPTURE_AUTORELEASING = YES;
				CLANG_WARN_BOOL_CONVERSION = YES;
				CLANG_WARN_COMMA = YES;
				CLANG_WARN_CONSTANT_CONVERSION = YES;
				CLANG_WARN_DEPRECATED_OBJC_IMPLEMENTATIONS = YES;
				CLANG_WARN_DIRECT_OBJC_ISA_USAGE = YES_ERROR;
				CLANG_WARN_DOCUMENTATION_COMMENTS = YES;
				CLANG_WARN_EMPTY_BODY = YES;
				CLANG_WARN_ENUM_CONVERSION = YES;
				CLANG_WARN_INFINITE_RECURSION = YES;
				CLANG_WARN_INT_CONVERSION = YES;
				CLANG_WARN_NON_LITERAL_NULL_CONVERSION = YES;
				CLANG_WARN_OBJC_IMPLICIT_RETAIN_SELF = YES;
				CLANG_WARN_OBJC_LITERAL_CONVERSION = YES;
				CLANG_WARN_OBJC_ROOT_CLASS = YES_ERROR;
				CLANG_WARN_QUOTED_INCLUDE_IN_FRAMEWORK_HEADER = YES;
				CLANG_WARN_RANGE_LOOP_ANALYSIS = YES;
				CLANG_WARN_STRICT_PROTOTYPES = YES;
				CLANG_WARN_SUSPICIOUS_MOVE = YES;
				CLANG_WARN_UNGUARDED_AVAILABILITY = YES_AGGRESSIVE;
				CLANG_WARN_UNREACHABLE_CODE = YES;
				CLANG_WARN__DUPLICATE_METHOD_MATCH = YES;
				COPY_PHASE_STRIP = NO;
				DEBUG_INFORMATION_FORMAT = dwarf;
				ENABLE_STRICT_OBJC_MSGSEND = YES;
				ENABLE_TESTABILITY = YES;
				GCC_C_LANGUAGE_STANDARD = gnu11;
				GCC_DYNAMIC_NO_PIC = NO;
				GCC_NO_COMMON_BLOCKS = YES;
				GCC_OPTIMIZATION_LEVEL = 0;
				GCC_PREPROCESSOR_DEFINITIONS = (
					"DEBUG=1",
					"$(inherited)",
				);
				GCC_WARN_64_TO_32_BIT_CONVERSION = YES;
				GCC_WARN_ABOUT_RETURN_TYPE = YES_ERROR;
				GCC_WARN_UNDECLARED_SELECTOR = YES;
				GCC_WARN_UNINITIALIZED_AUTOS = YES_AGGRESSIVE;
				GCC_WARN_UNUSED_FUNCTION = YES;
				GCC_WARN_UNUSED_VARIABLE = YES;
				IPHONEOS_DEPLOYMENT_TARGET = 15.0;
				MTL_ENABLE_DEBUG_INFO = INCLUDE_SOURCE;
				MTL_FAST_MATH = YES;
				ONLY_ACTIVE_ARCH = YES;
				SDKROOT = iphoneos;
				SWIFT_ACTIVE_COMPILATION_CONDITIONS = DEBUG;
				SWIFT_OPTIMIZATION_LEVEL = "-Onone";
			};
			name = Debug;
		};
		64D6576C2748DC6A00F8A30D /* Release */ = {
			isa = XCBuildConfiguration;
			buildSettings = {
				ALWAYS_SEARCH_USER_PATHS = NO;
				CLANG_ANALYZER_NONNULL = YES;
				CLANG_ANALYZER_NUMBER_OBJECT_CONVERSION = YES_AGGRESSIVE;
				CLANG_CXX_LANGUAGE_STANDARD = "gnu++17";
				CLANG_CXX_LIBRARY = "libc++";
				CLANG_ENABLE_MODULES = YES;
				CLANG_ENABLE_OBJC_ARC = YES;
				CLANG_ENABLE_OBJC_WEAK = YES;
				CLANG_WARN_BLOCK_CAPTURE_AUTORELEASING = YES;
				CLANG_WARN_BOOL_CONVERSION = YES;
				CLANG_WARN_COMMA = YES;
				CLANG_WARN_CONSTANT_CONVERSION = YES;
				CLANG_WARN_DEPRECATED_OBJC_IMPLEMENTATIONS = YES;
				CLANG_WARN_DIRECT_OBJC_ISA_USAGE = YES_ERROR;
				CLANG_WARN_DOCUMENTATION_COMMENTS = YES;
				CLANG_WARN_EMPTY_BODY = YES;
				CLANG_WARN_ENUM_CONVERSION = YES;
				CLANG_WARN_INFINITE_RECURSION = YES;
				CLANG_WARN_INT_CONVERSION = YES;
				CLANG_WARN_NON_LITERAL_NULL_CONVERSION = YES;
				CLANG_WARN_OBJC_IMPLICIT_RETAIN_SELF = YES;
				CLANG_WARN_OBJC_LITERAL_CONVERSION = YES;
				CLANG_WARN_OBJC_ROOT_CLASS = YES_ERROR;
				CLANG_WARN_QUOTED_INCLUDE_IN_FRAMEWORK_HEADER = YES;
				CLANG_WARN_RANGE_LOOP_ANALYSIS = YES;
				CLANG_WARN_STRICT_PROTOTYPES = YES;
				CLANG_WARN_SUSPICIOUS_MOVE = YES;
				CLANG_WARN_UNGUARDED_AVAILABILITY = YES_AGGRESSIVE;
				CLANG_WARN_UNREACHABLE_CODE = YES;
				CLANG_WARN__DUPLICATE_METHOD_MATCH = YES;
				COPY_PHASE_STRIP = NO;
				DEBUG_INFORMATION_FORMAT = "dwarf-with-dsym";
				ENABLE_NS_ASSERTIONS = NO;
				ENABLE_STRICT_OBJC_MSGSEND = YES;
				GCC_C_LANGUAGE_STANDARD = gnu11;
				GCC_NO_COMMON_BLOCKS = YES;
				GCC_WARN_64_TO_32_BIT_CONVERSION = YES;
				GCC_WARN_ABOUT_RETURN_TYPE = YES_ERROR;
				GCC_WARN_UNDECLARED_SELECTOR = YES;
				GCC_WARN_UNINITIALIZED_AUTOS = YES_AGGRESSIVE;
				GCC_WARN_UNUSED_FUNCTION = YES;
				GCC_WARN_UNUSED_VARIABLE = YES;
				IPHONEOS_DEPLOYMENT_TARGET = 15.0;
				MTL_ENABLE_DEBUG_INFO = NO;
				MTL_FAST_MATH = YES;
				SDKROOT = iphoneos;
				SWIFT_COMPILATION_MODE = wholemodule;
				SWIFT_OPTIMIZATION_LEVEL = "-O";
				VALIDATE_PRODUCT = YES;
			};
			name = Release;
		};
		64D6576E2748DC6A00F8A30D /* Debug */ = {
			isa = XCBuildConfiguration;
			baseConfigurationReference = 58EEA9F560CE66D579A25E8F /* Pods-InnAPIApp.debug.xcconfig */;
			buildSettings = {
				ASSETCATALOG_COMPILER_APPICON_NAME = AppIcon;
				ASSETCATALOG_COMPILER_GLOBAL_ACCENT_COLOR_NAME = AccentColor;
				CODE_SIGN_STYLE = Automatic;
				CURRENT_PROJECT_VERSION = 1;
				DEVELOPMENT_TEAM = Y46T5YAQ4C;
				GENERATE_INFOPLIST_FILE = YES;
				INFOPLIST_FILE = InnAPIApp/Info.plist;
				INFOPLIST_KEY_UIApplicationSupportsIndirectInputEvents = YES;
				INFOPLIST_KEY_UILaunchStoryboardName = LaunchScreen;
				INFOPLIST_KEY_UIMainStoryboardFile = Main;
				INFOPLIST_KEY_UISupportedInterfaceOrientations_iPad = "UIInterfaceOrientationPortrait UIInterfaceOrientationPortraitUpsideDown UIInterfaceOrientationLandscapeLeft UIInterfaceOrientationLandscapeRight";
				INFOPLIST_KEY_UISupportedInterfaceOrientations_iPhone = "UIInterfaceOrientationPortrait UIInterfaceOrientationLandscapeLeft UIInterfaceOrientationLandscapeRight";
				IPHONEOS_DEPLOYMENT_TARGET = 15.0;
				LD_RUNPATH_SEARCH_PATHS = (
					"$(inherited)",
					"@executable_path/Frameworks",
				);
				MARKETING_VERSION = 1.0;
				PRODUCT_BUNDLE_IDENTIFIER = jp.yasuoniihori.InnAPIApp;
				PRODUCT_NAME = "$(TARGET_NAME)";
				SWIFT_EMIT_LOC_STRINGS = YES;
				SWIFT_VERSION = 5.0;
				TARGETED_DEVICE_FAMILY = "1,2";
			};
			name = Debug;
		};
		64D6576F2748DC6A00F8A30D /* Release */ = {
			isa = XCBuildConfiguration;
			baseConfigurationReference = C45540D5BD2AC9010DB451E7 /* Pods-InnAPIApp.release.xcconfig */;
			buildSettings = {
				ASSETCATALOG_COMPILER_APPICON_NAME = AppIcon;
				ASSETCATALOG_COMPILER_GLOBAL_ACCENT_COLOR_NAME = AccentColor;
				CODE_SIGN_STYLE = Automatic;
				CURRENT_PROJECT_VERSION = 1;
				DEVELOPMENT_TEAM = Y46T5YAQ4C;
				GENERATE_INFOPLIST_FILE = YES;
				INFOPLIST_FILE = InnAPIApp/Info.plist;
				INFOPLIST_KEY_UIApplicationSupportsIndirectInputEvents = YES;
				INFOPLIST_KEY_UILaunchStoryboardName = LaunchScreen;
				INFOPLIST_KEY_UIMainStoryboardFile = Main;
				INFOPLIST_KEY_UISupportedInterfaceOrientations_iPad = "UIInterfaceOrientationPortrait UIInterfaceOrientationPortraitUpsideDown UIInterfaceOrientationLandscapeLeft UIInterfaceOrientationLandscapeRight";
				INFOPLIST_KEY_UISupportedInterfaceOrientations_iPhone = "UIInterfaceOrientationPortrait UIInterfaceOrientationLandscapeLeft UIInterfaceOrientationLandscapeRight";
				IPHONEOS_DEPLOYMENT_TARGET = 15.0;
				LD_RUNPATH_SEARCH_PATHS = (
					"$(inherited)",
					"@executable_path/Frameworks",
				);
				MARKETING_VERSION = 1.0;
				PRODUCT_BUNDLE_IDENTIFIER = jp.yasuoniihori.InnAPIApp;
				PRODUCT_NAME = "$(TARGET_NAME)";
				SWIFT_EMIT_LOC_STRINGS = YES;
				SWIFT_VERSION = 5.0;
				TARGETED_DEVICE_FAMILY = "1,2";
			};
			name = Release;
		};
/* End XCBuildConfiguration section */

/* Begin XCConfigurationList section */
		64D657542748DC6900F8A30D /* Build configuration list for PBXProject "InnAPIApp" */ = {
			isa = XCConfigurationList;
			buildConfigurations = (
				64D6576B2748DC6A00F8A30D /* Debug */,
				64D6576C2748DC6A00F8A30D /* Release */,
			);
			defaultConfigurationIsVisible = 0;
			defaultConfigurationName = Release;
		};
		64D6576D2748DC6A00F8A30D /* Build configuration list for PBXNativeTarget "InnAPIApp" */ = {
			isa = XCConfigurationList;
			buildConfigurations = (
				64D6576E2748DC6A00F8A30D /* Debug */,
				64D6576F2748DC6A00F8A30D /* Release */,
			);
			defaultConfigurationIsVisible = 0;
			defaultConfigurationName = Release;
		};
/* End XCConfigurationList section */
	};
	rootObject = 64D657512748DC6900F8A30D /* Project object */;
}
